
Microsoft Visual Studio Solution File, Format Version 12.00
# Visual Studio Version 16
VisualStudioVersion = 16.0.30804.86
MinimumVisualStudioVersion = 10.0.40219.1
Project("{D954291E-2A0B-460D-934E-DC6B0785DB48}") = "test", "test.shproj", "{39317C42-2B86-418C-B56A-7B3A00608AC7}"
EndProject
Global
	GlobalSection(SharedMSBuildProjectFiles) = preSolution
		test.projitems*{39317c42-2b86-418c-b56a-7b3a00608ac7}*SharedItemsImports = 13
	EndGlobalSection
	GlobalSection(SolutionProperties) = preSolution
		HideSolutionNode = FALSE
	EndGlobalSection
	GlobalSection(ExtensibilityGlobals) = postSolution
		SolutionGuid = {CF6F57F1-4382-4347-9C05-72C7E443552C}
	EndGlobalSection
EndGlobal
